
Microsoft Visual Studio Solution File, Format Version 12.00
# Visual Studio 15
VisualStudioVersion = 15.0.28010.2046
MinimumVisualStudioVersion = 10.0.40219.1
Project("{FAE04EC0-301F-11D3-BF4B-00C04F79EFBC}") = "DevGGP", "DevGGP\DevGGP.csproj", "{7B2E7DA2-89F9-482B-BE88-3557B397E452}"
EndProject
Global
	GlobalSection(SolutionConfigurationPlatforms) = preSolution
		Debug|Any CPU = Debug|Any CPU
		Release|Any CPU = Release|Any CPU
	EndGlobalSection
	GlobalSection(ProjectConfigurationPlatforms) = postSolution
		{7B2E7DA2-89F9-482B-BE88-3557B397E452}.Debug|Any CPU.ActiveCfg = Debug|Any CPU
		{7B2E7DA2-89F9-482B-BE88-3557B397E452}.Debug|Any CPU.Build.0 = Debug|Any CPU
		{7B2E7DA2-89F9-482B-BE88-3557B397E452}.Release|Any CPU.ActiveCfg = Release|Any CPU
		{7B2E7DA2-89F9-482B-BE88-3557B397E452}.Release|Any CPU.Build.0 = Release|Any CPU
	EndGlobalSection
	GlobalSection(SolutionProperties) = preSolution
		HideSolutionNode = FALSE
	EndGlobalSection
	GlobalSection(ExtensibilityGlobals) = postSolution
		SolutionGuid = {49478910-4499-45A0-B3F4-89C451DF8CBC}
	EndGlobalSection
EndGlobal
